# This file was autogenerated by Stack.
# You should not edit this file by hand.
# For more information, please see the documentation at:
#   https://docs.haskellstack.org/en/stable/topics/lock_files

packages: []
snapshots:
- completed:
    sha256: 4def88282e3d813577043f567ef0efc6a46a002dba26a390dff468c4871f91e3
    size: 669892
    url: https://raw.githubusercontent.com/commercialhaskell/stackage-snapshots/master/nightly/2025/7/24.yaml
  original: nightly-2025-07-24
